
Microsoft Visual Studio Solution File, Format Version 12.00
# Visual Studio Version 17
VisualStudioVersion = 17.6.33815.320
MinimumVisualStudioVersion = 10.0.40219.1
Project("{FAE04EC0-301F-11D3-BF4B-00C04F79EFBC}") = "E-Commerce.Entities", "E-Commerce.Entities\E-Commerce.Entities.csproj", "{19B092F8-4E95-4DCE-BD05-C8BB95592FC7}"
EndProject
Project("{FAE04EC0-301F-11D3-BF4B-00C04F79EFBC}") = "E-Commerce.DAL", "E-Commerce.DAL\E-Commerce.DAL.csproj", "{F4ED39AA-B884-4791-965B-24F291387F27}"
EndProject
Project("{FAE04EC0-301F-11D3-BF4B-00C04F79EFBC}") = "E-Commerce.BusinessLayer", "E-Commerce.BusinessLayer\E-Commerce.BusinessLayer.csproj", "{77296C1E-FD92-4287-8542-875E2C49BA58}"
EndProject
Project("{FAE04EC0-301F-11D3-BF4B-00C04F79EFBC}") = "E-Commerce.UI", "E-Commerce.UI\E-Commerce.UI.csproj", "{249EA973-6608-4267-B00E-ECF2F1FD3F36}"
EndProject
Global
	GlobalSection(SolutionConfigurationPlatforms) = preSolution
		Debug|Any CPU = Debug|Any CPU
		Release|Any CPU = Release|Any CPU
	EndGlobalSection
	GlobalSection(ProjectConfigurationPlatforms) = postSolution
		{19B092F8-4E95-4DCE-BD05-C8BB95592FC7}.Debug|Any CPU.ActiveCfg = Debug|Any CPU
		{19B092F8-4E95-4DCE-BD05-C8BB95592FC7}.Debug|Any CPU.Build.0 = Debug|Any CPU
		{19B092F8-4E95-4DCE-BD05-C8BB95592FC7}.Release|Any CPU.ActiveCfg = Release|Any CPU
		{19B092F8-4E95-4DCE-BD05-C8BB95592FC7}.Release|Any CPU.Build.0 = Release|Any CPU
		{F4ED39AA-B884-4791-965B-24F291387F27}.Debug|Any CPU.ActiveCfg = Debug|Any CPU
		{F4ED39AA-B884-4791-965B-24F291387F27}.Debug|Any CPU.Build.0 = Debug|Any CPU
		{F4ED39AA-B884-4791-965B-24F291387F27}.Release|Any CPU.ActiveCfg = Release|Any CPU
		{F4ED39AA-B884-4791-965B-24F291387F27}.Release|Any CPU.Build.0 = Release|Any CPU
		{77296C1E-FD92-4287-8542-875E2C49BA58}.Debug|Any CPU.ActiveCfg = Debug|Any CPU
		{77296C1E-FD92-4287-8542-875E2C49BA58}.Debug|Any CPU.Build.0 = Debug|Any CPU
		{77296C1E-FD92-4287-8542-875E2C49BA58}.Release|Any CPU.ActiveCfg = Release|Any CPU
		{77296C1E-FD92-4287-8542-875E2C49BA58}.Release|Any CPU.Build.0 = Release|Any CPU
		{249EA973-6608-4267-B00E-ECF2F1FD3F36}.Debug|Any CPU.ActiveCfg = Debug|Any CPU
		{249EA973-6608-4267-B00E-ECF2F1FD3F36}.Debug|Any CPU.Build.0 = Debug|Any CPU
		{249EA973-6608-4267-B00E-ECF2F1FD3F36}.Release|Any CPU.ActiveCfg = Release|Any CPU
		{249EA973-6608-4267-B00E-ECF2F1FD3F36}.Release|Any CPU.Build.0 = Release|Any CPU
	EndGlobalSection
	GlobalSection(SolutionProperties) = preSolution
		HideSolutionNode = FALSE
	EndGlobalSection
	GlobalSection(ExtensibilityGlobals) = postSolution
		SolutionGuid = {EA7F2D31-FCA0-44DA-B6A7-9AAD05D22B79}
	EndGlobalSection
EndGlobal
